
Microsoft Visual Studio Solution File, Format Version 12.00
# Visual Studio 15
VisualStudioVersion = 15.0.28010.2003
MinimumVisualStudioVersion = 10.0.40219.1
Project("{FAE04EC0-301F-11D3-BF4B-00C04F79EFBC}") = "Ajans", "Ajans\Ajans.csproj", "{C2E2EF39-9CC3-40C3-A37A-FF5A9601934D}"
EndProject
Global
	GlobalSection(SolutionConfigurationPlatforms) = preSolution
		Debug|Any CPU = Debug|Any CPU
		Release|Any CPU = Release|Any CPU
	EndGlobalSection
	GlobalSection(ProjectConfigurationPlatforms) = postSolution
		{C2E2EF39-9CC3-40C3-A37A-FF5A9601934D}.Debug|Any CPU.ActiveCfg = Debug|Any CPU
		{C2E2EF39-9CC3-40C3-A37A-FF5A9601934D}.Debug|Any CPU.Build.0 = Debug|Any CPU
		{C2E2EF39-9CC3-40C3-A37A-FF5A9601934D}.Release|Any CPU.ActiveCfg = Release|Any CPU
		{C2E2EF39-9CC3-40C3-A37A-FF5A9601934D}.Release|Any CPU.Build.0 = Release|Any CPU
	EndGlobalSection
	GlobalSection(SolutionProperties) = preSolution
		HideSolutionNode = FALSE
	EndGlobalSection
	GlobalSection(ExtensibilityGlobals) = postSolution
		SolutionGuid = {347CE29B-E18C-420B-B6DD-A4C62D9C835D}
	EndGlobalSection
EndGlobal
